// !$*UTF8*$!
{
	archiveVersion = 1;
	classes = {
	};
	objectVersion = 50;
	objects = {

/* Begin PBXBuildFile section */
		28DBA386221815DB000A57DB /* AppDelegate.swift in Sources */ = {isa = PBXBuildFile; fileRef = 28DBA385221815DB000A57DB /* AppDelegate.swift */; };
		28DBA388221815DB000A57DB /* ListTableViewController.swift in Sources */ = {isa = PBXBuildFile; fileRef = 28DBA387221815DB000A57DB /* ListTableViewController.swift */; };
		28DBA38B221815DB000A57DB /* Main.storyboard in Resources */ = {isa = PBXBuildFile; fileRef = 28DBA389221815DB000A57DB /* Main.storyboard */; };
		28DBA38D221815DC000A57DB /* Assets.xcassets in Resources */ = {isa = PBXBuildFile; fileRef = 28DBA38C221815DC000A57DB /* Assets.xcassets */; };
		28DBA390221815DC000A57DB /* LaunchScreen.storyboard in Resources */ = {isa = PBXBuildFile; fileRef = 28DBA38E221815DC000A57DB /* LaunchScreen.storyboard */; };
		28DBA39A22181DC2000A57DB /* ParallaxCell.swift in Sources */ = {isa = PBXBuildFile; fileRef = 28DBA39922181DC2000A57DB /* ParallaxCell.swift */; };
		28DBA39C2218273A000A57DB /* Images+Names.swift in Sources */ = {isa = PBXBuildFile; fileRef = 28DBA39B2218273A000A57DB /* Images+Names.swift */; };
/* End PBXBuildFile section */

/* Begin PBXFileReference section */
		28DBA382221815DB000A57DB /* accelerometron.app */ = {isa = PBXFileReference; explicitFileType = wrapper.application; includeInIndex = 0; path = accelerometron.app; sourceTree = BUILT_PRODUCTS_DIR; };
		28DBA385221815DB000A57DB /* AppDelegate.swift */ = {isa = PBXFileReference; lastKnownFileType = sourcecode.swift; path = AppDelegate.swift; sourceTree = "<group>"; };
		28DBA387221815DB000A57DB /* ListTableViewController.swift */ = {isa = PBXFileReference; lastKnownFileType = sourcecode.swift; path = ListTableViewController.swift; sourceTree = "<group>"; };
		28DBA38A221815DB000A57DB /* Base */ = {isa = PBXFileReference; lastKnownFileType = file.storyboard; name = Base; path = Base.lproj/Main.storyboard; sourceTree = "<group>"; };
		28DBA38C221815DC000A57DB /* Assets.xcassets */ = {isa = PBXFileReference; lastKnownFileType = folder.assetcatalog; path = Assets.xcassets; sourceTree = "<group>"; };
		28DBA38F221815DC000A57DB /* Base */ = {isa = PBXFileReference; lastKnownFileType = file.storyboard; name = Base; path = Base.lproj/LaunchScreen.storyboard; sourceTree = "<group>"; };
		28DBA391221815DC000A57DB /* Info.plist */ = {isa = PBXFileReference; lastKnownFileType = text.plist.xml; path = Info.plist; sourceTree = "<group>"; };
		28DBA39922181DC2000A57DB /* ParallaxCell.swift */ = {isa = PBXFileReference; lastKnownFileType = sourcecode.swift; path = ParallaxCell.swift; sourceTree = "<group>"; };
		28DBA39B2218273A000A57DB /* Images+Names.swift */ = {isa = PBXFileReference; lastKnownFileType = sourcecode.swift; path = "Images+Names.swift"; sourceTree = "<group>"; };
/* End PBXFileReference section */

/* Begin PBXFrameworksBuildPhase section */
		28DBA37F221815DB000A57DB /* Frameworks */ = {
			isa = PBXFrameworksBuildPhase;
			buildActionMask = 2147483647;
			files = (
			);
			runOnlyForDeploymentPostprocessing = 0;
		};
/* End PBXFrameworksBuildPhase section */

/* Begin PBXGroup section */
		28DBA379221815DB000A57DB = {
			isa = PBXGroup;
			children = (
				28DBA384221815DB000A57DB /* accelerometron */,
				28DBA383221815DB000A57DB /* Products */,
			);
			sourceTree = "<group>";
		};
		28DBA383221815DB000A57DB /* Products */ = {
			isa = PBXGroup;
			children = (
				28DBA382221815DB000A57DB /* accelerometron.app */,
			);
			name = Products;
			sourceTree = "<group>";
		};
		28DBA384221815DB000A57DB /* accelerometron */ = {
			isa = PBXGroup;
			children = (
				28DBA39822181D7E000A57DB /* Controller */,
				28DBA39722181D72000A57DB /* View */,
				28DBA385221815DB000A57DB /* AppDelegate.swift */,
				28DBA389221815DB000A57DB /* Main.storyboard */,
				28DBA38C221815DC000A57DB /* Assets.xcassets */,
				28DBA38E221815DC000A57DB /* LaunchScreen.storyboard */,
				28DBA391221815DC000A57DB /* Info.plist */,
			);
			path = accelerometron;
			sourceTree = "<group>";
		};
		28DBA39722181D72000A57DB /* View */ = {
			isa = PBXGroup;
			children = (
				28DBA39922181DC2000A57DB /* ParallaxCell.swift */,
			);
			path = View;
			sourceTree = "<group>";
		};
		28DBA39822181D7E000A57DB /* Controller */ = {
			isa = PBXGroup;
			children = (
				28DBA387221815DB000A57DB /* ListTableViewController.swift */,
				28DBA39B2218273A000A57DB /* Images+Names.swift */,
			);
			path = Controller;
			sourceTree = "<group>";
		};
/* End PBXGroup section */

/* Begin PBXNativeTarget section */
		28DBA381221815DB000A57DB /* accelerometron */ = {
			isa = PBXNativeTarget;
			buildConfigurationList = 28DBA394221815DC000A57DB /* Build configuration list for PBXNativeTarget "accelerometron" */;
			buildPhases = (
				28DBA37E221815DB000A57DB /* Sources */,
				28DBA37F221815DB000A57DB /* Frameworks */,
				28DBA380221815DB000A57DB /* Resources */,
			);
			buildRules = (
			);
			dependencies = (
			);
			name = accelerometron;
			productName = accelerometron;
			productReference = 28DBA382221815DB000A57DB /* accelerometron.app */;
			productType = "com.apple.product-type.application";
		};
/* End PBXNativeTarget section */

/* Begin PBXProject section */
		28DBA37A221815DB000A57DB /* Project object */ = {
			isa = PBXProject;
			attributes = {
				LastSwiftUpdateCheck = 1010;
				LastUpgradeCheck = 1010;
				ORGANIZATIONNAME = "Odhrán Daly";
				TargetAttributes = {
					28DBA381221815DB000A57DB = {
						CreatedOnToolsVersion = 10.1;
					};
				};
			};
			buildConfigurationList = 28DBA37D221815DB000A57DB /* Build configuration list for PBXProject "accelerometron" */;
			compatibilityVersion = "Xcode 9.3";
			developmentRegion = en;
			hasScannedForEncodings = 0;
			knownRegions = (
				en,
				Base,
			);
			mainGroup = 28DBA379221815DB000A57DB;
			productRefGroup = 28DBA383221815DB000A57DB /* Products */;
			projectDirPath = "";
			projectRoot = "";
			targets = (
				28DBA381221815DB000A57DB /* accelerometron */,
			);
		};
/* End PBXProject section */

/* Begin PBXResourcesBuildPhase section */
		28DBA380221815DB000A57DB /* Resources */ = {
			isa = PBXResourcesBuildPhase;
			buildActionMask = 2147483647;
			files = (
				28DBA390221815DC000A57DB /* LaunchScreen.storyboard in Resources */,
				28DBA38D221815DC000A57DB /* Assets.xcassets in Resources */,
				28DBA38B221815DB000A57DB /* Main.storyboard in Resources */,
			);
			runOnlyForDeploymentPostprocessing = 0;
		};
/* End PBXResourcesBuildPhase section */

/* Begin PBXSourcesBuildPhase section */
		28DBA37E221815DB000A57DB /* Sources */ = {
			isa = PBXSourcesBuildPhase;
			buildActionMask = 2147483647;
			files = (
				28DBA39A22181DC2000A57DB /* ParallaxCell.swift in Sources */,
				28DBA388221815DB000A57DB /* ListTableViewController.swift in Sources */,
				28DBA39C2218273A000A57DB /* Images+Names.swift in Sources */,
				28DBA386221815DB000A57DB /* AppDelegate.swift in Sources */,
			);
			runOnlyForDeploymentPostprocessing = 0;
		};
/* End PBXSourcesBuildPhase section */

/* Begin PBXVariantGroup section */
		28DBA389221815DB000A57DB /* Main.storyboard */ = {
			isa = PBXVariantGroup;
			children = (
				28DBA38A221815DB000A57DB /* Base */,
			);
			name = Main.storyboard;
			sourceTree = "<group>";
		};
		28DBA38E221815DC000A57DB /* LaunchScreen.storyboard */ = {
			isa = PBXVariantGroup;
			children = (
				28DBA38F221815DC000A57DB /* Base */,
			);
			name = LaunchScreen.storyboard;
			sourceTree = "<group>";
		};
/* End PBXVariantGroup section */

/* Begin XCBuildConfiguration section */
		28DBA392221815DC000A57DB /* Debug */ = {
			isa = XCBuildConfiguration;
			buildSettings = {
				ALWAYS_SEARCH_USER_PATHS = NO;
				CLANG_ANALYZER_NONNULL = YES;
				CLANG_ANALYZER_NUMBER_OBJECT_CONVERSION = YES_AGGRESSIVE;
				CLANG_CXX_LANGUAGE_STANDARD = "gnu++14";
				CLANG_CXX_LIBRARY = "libc++";
				CLANG_ENABLE_MODULES = YES;
				CLANG_ENABLE_OBJC_ARC = YES;
				CLANG_ENABLE_OBJC_WEAK = YES;
				CLANG_WARN_BLOCK_CAPTURE_AUTORELEASING = YES;
				CLANG_WARN_BOOL_CONVERSION = YES;
				CLANG_WARN_COMMA = YES;
				CLANG_WARN_CONSTANT_CONVERSION = YES;
				CLANG_WARN_DEPRECATED_OBJC_IMPLEMENTATIONS = YES;
				CLANG_WARN_DIRECT_OBJC_ISA_USAGE = YES_ERROR;
				CLANG_WARN_DOCUMENTATION_COMMENTS = YES;
				CLANG_WARN_EMPTY_BODY = YES;
				CLANG_WARN_ENUM_CONVERSION = YES;
				CLANG_WARN_INFINITE_RECURSION = YES;
				CLANG_WARN_INT_CONVERSION = YES;
				CLANG_WARN_NON_LITERAL_NULL_CONVERSION = YES;
				CLANG_WARN_OBJC_IMPLICIT_RETAIN_SELF = YES;
				CLANG_WARN_OBJC_LITERAL_CONVERSION = YES;
				CLANG_WARN_OBJC_ROOT_CLASS = YES_ERROR;
				CLANG_WARN_RANGE_LOOP_ANALYSIS = YES;
				CLANG_WARN_STRICT_PROTOTYPES = YES;
				CLANG_WARN_SUSPICIOUS_MOVE = YES;
				CLANG_WARN_UNGUARDED_AVAILABILITY = YES_AGGRESSIVE;
				CLANG_WARN_UNREACHABLE_CODE = YES;
				CLANG_WARN__DUPLICATE_METHOD_MATCH = YES;
				CODE_SIGN_IDENTITY = "iPhone Developer";
				COPY_PHASE_STRIP = NO;
				DEBUG_INFORMATION_FORMAT = dwarf;
				ENABLE_STRICT_OBJC_MSGSEND = YES;
				ENABLE_TESTABILITY = YES;
				GCC_C_LANGUAGE_STANDARD = gnu11;
				GCC_DYNAMIC_NO_PIC = NO;
				GCC_NO_COMMON_BLOCKS = YES;
				GCC_OPTIMIZATION_LEVEL = 0;
				GCC_PREPROCESSOR_DEFINITIONS = (
					"DEBUG=1",
					"$(inherited)",
				);
				GCC_WARN_64_TO_32_BIT_CONVERSION = YES;
				GCC_WARN_ABOUT_RETURN_TYPE = YES_ERROR;
				GCC_WARN_UNDECLARED_SELECTOR = YES;
				GCC_WARN_UNINITIALIZED_AUTOS = YES_AGGRESSIVE;
				GCC_WARN_UNUSED_FUNCTION = YES;
				GCC_WARN_UNUSED_VARIABLE = YES;
				IPHONEOS_DEPLOYMENT_TARGET = 12.1;
				MTL_ENABLE_DEBUG_INFO = INCLUDE_SOURCE;
				MTL_FAST_MATH = YES;
				ONLY_ACTIVE_ARCH = YES;
				SDKROOT = iphoneos;
				SWIFT_ACTIVE_COMPILATION_CONDITIONS = DEBUG;
				SWIFT_OPTIMIZATION_LEVEL = "-Onone";
			};
			name = Debug;
		};
		28DBA393221815DC000A57DB /* Release */ = {
			isa = XCBuildConfiguration;
			buildSettings = {
				ALWAYS_SEARCH_USER_PATHS = NO;
				CLANG_ANALYZER_NONNULL = YES;
				CLANG_ANALYZER_NUMBER_OBJECT_CONVERSION = YES_AGGRESSIVE;
				CLANG_CXX_LANGUAGE_STANDARD = "gnu++14";
				CLANG_CXX_LIBRARY = "libc++";
				CLANG_ENABLE_MODULES = YES;
				CLANG_ENABLE_OBJC_ARC = YES;
				CLANG_ENABLE_OBJC_WEAK = YES;
				CLANG_WARN_BLOCK_CAPTURE_AUTORELEASING = YES;
				CLANG_WARN_BOOL_CONVERSION = YES;
				CLANG_WARN_COMMA = YES;
				CLANG_WARN_CONSTANT_CONVERSION = YES;
				CLANG_WARN_DEPRECATED_OBJC_IMPLEMENTATIONS = YES;
				CLANG_WARN_DIRECT_OBJC_ISA_USAGE = YES_ERROR;
				CLANG_WARN_DOCUMENTATION_COMMENTS = YES;
				CLANG_WARN_EMPTY_BODY = YES;
				CLANG_WARN_ENUM_CONVERSION = YES;
				CLANG_WARN_INFINITE_RECURSION = YES;
				CLANG_WARN_INT_CONVERSION = YES;
				CLANG_WARN_NON_LITERAL_NULL_CONVERSION = YES;
				CLANG_WARN_OBJC_IMPLICIT_RETAIN_SELF = YES;
				CLANG_WARN_OBJC_LITERAL_CONVERSION = YES;
				CLANG_WARN_OBJC_ROOT_CLASS = YES_ERROR;
				CLANG_WARN_RANGE_LOOP_ANALYSIS = YES;
				CLANG_WARN_STRICT_PROTOTYPES = YES;
				CLANG_WARN_SUSPICIOUS_MOVE = YES;
				CLANG_WARN_UNGUARDED_AVAILABILITY = YES_AGGRESSIVE;
				CLANG_WARN_UNREACHABLE_CODE = YES;
				CLANG_WARN__DUPLICATE_METHOD_MATCH = YES;
				CODE_SIGN_IDENTITY = "iPhone Developer";
				COPY_PHASE_STRIP = NO;
				DEBUG_INFORMATION_FORMAT = "dwarf-with-dsym";
				ENABLE_NS_ASSERTIONS = NO;
				ENABLE_STRICT_OBJC_MSGSEND = YES;
				GCC_C_LANGUAGE_STANDARD = gnu11;
				GCC_NO_COMMON_BLOCKS = YES;
				GCC_WARN_64_TO_32_BIT_CONVERSION = YES;
				GCC_WARN_ABOUT_RETURN_TYPE = YES_ERROR;
				GCC_WARN_UNDECLARED_SELECTOR = YES;
				GCC_WARN_UNINITIALIZED_AUTOS = YES_AGGRESSIVE;
				GCC_WARN_UNUSED_FUNCTION = YES;
				GCC_WARN_UNUSED_VARIABLE = YES;
				IPHONEOS_DEPLOYMENT_TARGET = 12.1;
				MTL_ENABLE_DEBUG_INFO = NO;
				MTL_FAST_MATH = YES;
				SDKROOT = iphoneos;
				SWIFT_COMPILATION_MODE = wholemodule;
				SWIFT_OPTIMIZATION_LEVEL = "-O";
				VALIDATE_PRODUCT = YES;
			};
			name = Release;
		};
		28DBA395221815DC000A57DB /* Debug */ = {
			isa = XCBuildConfiguration;
			buildSettings = {
				ASSETCATALOG_COMPILER_APPICON_NAME = AppIcon;
				CODE_SIGN_STYLE = Automatic;
				DEVELOPMENT_TEAM = 7VLD2GRP4W;
				INFOPLIST_FILE = accelerometron/Info.plist;
				LD_RUNPATH_SEARCH_PATHS = (
					"$(inherited)",
					"@executable_path/Frameworks",
				);
				PRODUCT_BUNDLE_IDENTIFIER = com.odhrandaly.accelerometron;
				PRODUCT_NAME = "$(TARGET_NAME)";
				SWIFT_VERSION = 4.2;
				TARGETED_DEVICE_FAMILY = "1,2";
			};
			name = Debug;
		};
		28DBA396221815DC000A57DB /* Release */ = {
			isa = XCBuildConfiguration;
			buildSettings = {
				ASSETCATALOG_COMPILER_APPICON_NAME = AppIcon;
				CODE_SIGN_STYLE = Automatic;
				DEVELOPMENT_TEAM = 7VLD2GRP4W;
				INFOPLIST_FILE = accelerometron/Info.plist;
				LD_RUNPATH_SEARCH_PATHS = (
					"$(inherited)",
					"@executable_path/Frameworks",
				);
				PRODUCT_BUNDLE_IDENTIFIER = com.odhrandaly.accelerometron;
				PRODUCT_NAME = "$(TARGET_NAME)";
				SWIFT_VERSION = 4.2;
				TARGETED_DEVICE_FAMILY = "1,2";
			};
			name = Release;
		};
/* End XCBuildConfiguration section */

/* Begin XCConfigurationList section */
		28DBA37D221815DB000A57DB /* Build configuration list for PBXProject "accelerometron" */ = {
			isa = XCConfigurationList;
			buildConfigurations = (
				28DBA392221815DC000A57DB /* Debug */,
				28DBA393221815DC000A57DB /* Release */,
			);
			defaultConfigurationIsVisible = 0;
			defaultConfigurationName = Release;
		};
		28DBA394221815DC000A57DB /* Build configuration list for PBXNativeTarget "accelerometron" */ = {
			isa = XCConfigurationList;
			buildConfigurations = (
				28DBA395221815DC000A57DB /* Debug */,
				28DBA396221815DC000A57DB /* Release */,
			);
			defaultConfigurationIsVisible = 0;
			defaultConfigurationName = Release;
		};
/* End XCConfigurationList section */
	};
	rootObject = 28DBA37A221815DB000A57DB /* Project object */;
}
